# This file is automatically @generated by Cargo.
# It is not intended for manual editing.
version = 4

[[package]]
name = "design"
version = "0.0.1"

[[package]]
name = "verovioxide"
version = "0.0.1"

[[package]]
name = "verovioxide-data"
version = "0.0.1"

[[package]]
name = "verovioxide-sys"
version = "0.0.1"
